
Microsoft Visual Studio Solution File, Format Version 10.00
# Visual C++ Express 2008
Project("{8BC9CEB8-8B4A-11D0-8D11-00A0C91BC942}") = "dobgui", "dobgui.vcproj", "{972B7FF8-A9C2-4B2D-BAC3-E986E78D8B36}"
EndProject
Global
	GlobalSection(SolutionConfigurationPlatforms) = preSolution
		Debug|Win32 = Debug|Win32
		Release|Win32 = Release|Win32
	EndGlobalSection
	GlobalSection(ProjectConfigurationPlatforms) = postSolution
		{972B7FF8-A9C2-4B2D-BAC3-E986E78D8B36}.Debug|Win32.ActiveCfg = Debug|Win32
		{972B7FF8-A9C2-4B2D-BAC3-E986E78D8B36}.Debug|Win32.Build.0 = Debug|Win32
		{972B7FF8-A9C2-4B2D-BAC3-E986E78D8B36}.Release|Win32.ActiveCfg = Release|Win32
		{972B7FF8-A9C2-4B2D-BAC3-E986E78D8B36}.Release|Win32.Build.0 = Release|Win32
	EndGlobalSection
	GlobalSection(SolutionProperties) = preSolution
		HideSolutionNode = FALSE
	EndGlobalSection
EndGlobal
